
Microsoft Visual Studio Solution File, Format Version 12.00
# Visual Studio Version 17
VisualStudioVersion = 17.12.35323.107
MinimumVisualStudioVersion = 10.0.40219.1
Project("{FAE04EC0-301F-11D3-BF4B-00C04F79EFBC}") = "bookstoreapp", "bookstoreapp.csproj", "{8661A66A-EBFB-4649-A72A-4A9B8E71729B}"
EndProject
Global
	GlobalSection(SolutionConfigurationPlatforms) = preSolution
		Debug|Any CPU = Debug|Any CPU
		Release|Any CPU = Release|Any CPU
	EndGlobalSection
	GlobalSection(ProjectConfigurationPlatforms) = postSolution
		{8661A66A-EBFB-4649-A72A-4A9B8E71729B}.Debug|Any CPU.ActiveCfg = Debug|Any CPU
		{8661A66A-EBFB-4649-A72A-4A9B8E71729B}.Debug|Any CPU.Build.0 = Debug|Any CPU
		{8661A66A-EBFB-4649-A72A-4A9B8E71729B}.Release|Any CPU.ActiveCfg = Release|Any CPU
		{8661A66A-EBFB-4649-A72A-4A9B8E71729B}.Release|Any CPU.Build.0 = Release|Any CPU
	EndGlobalSection
	GlobalSection(SolutionProperties) = preSolution
		HideSolutionNode = FALSE
	EndGlobalSection
	GlobalSection(ExtensibilityGlobals) = postSolution
		SolutionGuid = {BF8BBCD8-F909-472C-B4C5-4A790567304D}
	EndGlobalSection
EndGlobal
